
Microsoft Visual Studio Solution File, Format Version 12.00
# Visual Studio 2013
VisualStudioVersion = 12.0.21005.1
MinimumVisualStudioVersion = 10.0.40219.1
Project("{159641D6-6404-4A2A-AE62-294DE0FE8301}") = "3468_ER_2008R2", "3468_ER_2008R2\3468_ER_2008R2.dtproj", "{622DBB20-DFF5-4D85-83BF-B55387F298E0}"
EndProject
Global
	GlobalSection(TeamFoundationVersionControl) = preSolution
		SccNumberOfProjects = 2
		SccEnterpriseProvider = {4CA58AB2-18FA-4F8D-95D4-32DDF27D184C}
		SccTeamFoundationServer = https://tfs2013.accenture.com/tfs/bang6tpcprod
		SccLocalPath0 = .
		SccProjectUniqueName1 = 3468_ER_2008R2\\3468_ER_2008R2.dtproj
		SccProjectName1 = 3468_ER_2008R2
		SccLocalPath1 = 3468_ER_2008R2
	EndGlobalSection
	GlobalSection(SolutionConfigurationPlatforms) = preSolution
		Development|Default = Development|Default
	EndGlobalSection
	GlobalSection(ProjectConfigurationPlatforms) = postSolution
		{622DBB20-DFF5-4D85-83BF-B55387F298E0}.Development|Default.ActiveCfg = Development
		{622DBB20-DFF5-4D85-83BF-B55387F298E0}.Development|Default.Build.0 = Development
	EndGlobalSection
	GlobalSection(SolutionProperties) = preSolution
		HideSolutionNode = FALSE
	EndGlobalSection
EndGlobal
